// !$*UTF8*$!
{
	archiveVersion = 1;
	classes = {
	};
	objectVersion = 50;
	objects = {

/* Begin PBXBuildFile section */
		EC17D52521E10EB5000EE13D /* AppDelegate.swift in Sources */ = {isa = PBXBuildFile; fileRef = EC17D52421E10EB5000EE13D /* AppDelegate.swift */; };
		EC17D52721E10EB5000EE13D /* ViewController.swift in Sources */ = {isa = PBXBuildFile; fileRef = EC17D52621E10EB5000EE13D /* ViewController.swift */; };
		EC17D52A21E10EB5000EE13D /* Main.storyboard in Resources */ = {isa = PBXBuildFile; fileRef = EC17D52821E10EB5000EE13D /* Main.storyboard */; };
		EC17D52C21E10EB6000EE13D /* Assets.xcassets in Resources */ = {isa = PBXBuildFile; fileRef = EC17D52B21E10EB6000EE13D /* Assets.xcassets */; };
		EC17D52F21E10EB6000EE13D /* LaunchScreen.storyboard in Resources */ = {isa = PBXBuildFile; fileRef = EC17D52D21E10EB6000EE13D /* LaunchScreen.storyboard */; };
		EC17D53A21E10EB6000EE13D /* Delegates_and_ProtocolsTests.swift in Sources */ = {isa = PBXBuildFile; fileRef = EC17D53921E10EB6000EE13D /* Delegates_and_ProtocolsTests.swift */; };
		EC17D54521E10EB6000EE13D /* Delegates_and_ProtocolsUITests.swift in Sources */ = {isa = PBXBuildFile; fileRef = EC17D54421E10EB6000EE13D /* Delegates_and_ProtocolsUITests.swift */; };
		EC17D55321E1147B000EE13D /* SecondViewController.swift in Sources */ = {isa = PBXBuildFile; fileRef = EC17D55221E1147B000EE13D /* SecondViewController.swift */; };
/* End PBXBuildFile section */

/* Begin PBXContainerItemProxy section */
		EC17D53621E10EB6000EE13D /* PBXContainerItemProxy */ = {
			isa = PBXContainerItemProxy;
			containerPortal = EC17D51921E10EB5000EE13D /* Project object */;
			proxyType = 1;
			remoteGlobalIDString = EC17D52021E10EB5000EE13D;
			remoteInfo = Delegates_and_Protocols;
		};
		EC17D54121E10EB6000EE13D /* PBXContainerItemProxy */ = {
			isa = PBXContainerItemProxy;
			containerPortal = EC17D51921E10EB5000EE13D /* Project object */;
			proxyType = 1;
			remoteGlobalIDString = EC17D52021E10EB5000EE13D;
			remoteInfo = Delegates_and_Protocols;
		};
/* End PBXContainerItemProxy section */

/* Begin PBXFileReference section */
		EC17D52121E10EB5000EE13D /* Delegates_and_Protocols.app */ = {isa = PBXFileReference; explicitFileType = wrapper.application; includeInIndex = 0; path = Delegates_and_Protocols.app; sourceTree = BUILT_PRODUCTS_DIR; };
		EC17D52421E10EB5000EE13D /* AppDelegate.swift */ = {isa = PBXFileReference; lastKnownFileType = sourcecode.swift; path = AppDelegate.swift; sourceTree = "<group>"; };
		EC17D52621E10EB5000EE13D /* ViewController.swift */ = {isa = PBXFileReference; lastKnownFileType = sourcecode.swift; path = ViewController.swift; sourceTree = "<group>"; };
		EC17D52921E10EB5000EE13D /* Base */ = {isa = PBXFileReference; lastKnownFileType = file.storyboard; name = Base; path = Base.lproj/Main.storyboard; sourceTree = "<group>"; };
		EC17D52B21E10EB6000EE13D /* Assets.xcassets */ = {isa = PBXFileReference; lastKnownFileType = folder.assetcatalog; path = Assets.xcassets; sourceTree = "<group>"; };
		EC17D52E21E10EB6000EE13D /* Base */ = {isa = PBXFileReference; lastKnownFileType = file.storyboard; name = Base; path = Base.lproj/LaunchScreen.storyboard; sourceTree = "<group>"; };
		EC17D53021E10EB6000EE13D /* Info.plist */ = {isa = PBXFileReference; lastKnownFileType = text.plist.xml; path = Info.plist; sourceTree = "<group>"; };
		EC17D53521E10EB6000EE13D /* Delegates_and_ProtocolsTests.xctest */ = {isa = PBXFileReference; explicitFileType = wrapper.cfbundle; includeInIndex = 0; path = Delegates_and_ProtocolsTests.xctest; sourceTree = BUILT_PRODUCTS_DIR; };
		EC17D53921E10EB6000EE13D /* Delegates_and_ProtocolsTests.swift */ = {isa = PBXFileReference; lastKnownFileType = sourcecode.swift; path = Delegates_and_ProtocolsTests.swift; sourceTree = "<group>"; };
		EC17D53B21E10EB6000EE13D /* Info.plist */ = {isa = PBXFileReference; lastKnownFileType = text.plist.xml; path = Info.plist; sourceTree = "<group>"; };
		EC17D54021E10EB6000EE13D /* Delegates_and_ProtocolsUITests.xctest */ = {isa = PBXFileReference; explicitFileType = wrapper.cfbundle; includeInIndex = 0; path = Delegates_and_ProtocolsUITests.xctest; sourceTree = BUILT_PRODUCTS_DIR; };
		EC17D54421E10EB6000EE13D /* Delegates_and_ProtocolsUITests.swift */ = {isa = PBXFileReference; lastKnownFileType = sourcecode.swift; path = Delegates_and_ProtocolsUITests.swift; sourceTree = "<group>"; };
		EC17D54621E10EB6000EE13D /* Info.plist */ = {isa = PBXFileReference; lastKnownFileType = text.plist.xml; path = Info.plist; sourceTree = "<group>"; };
		EC17D55221E1147B000EE13D /* SecondViewController.swift */ = {isa = PBXFileReference; lastKnownFileType = sourcecode.swift; path = SecondViewController.swift; sourceTree = "<group>"; };
/* End PBXFileReference section */

/* Begin PBXFrameworksBuildPhase section */
		EC17D51E21E10EB5000EE13D /* Frameworks */ = {
			isa = PBXFrameworksBuildPhase;
			buildActionMask = 2147483647;
			files = (
			);
			runOnlyForDeploymentPostprocessing = 0;
		};
		EC17D53221E10EB6000EE13D /* Frameworks */ = {
			isa = PBXFrameworksBuildPhase;
			buildActionMask = 2147483647;
			files = (
			);
			runOnlyForDeploymentPostprocessing = 0;
		};
		EC17D53D21E10EB6000EE13D /* Frameworks */ = {
			isa = PBXFrameworksBuildPhase;
			buildActionMask = 2147483647;
			files = (
			);
			runOnlyForDeploymentPostprocessing = 0;
		};
/* End PBXFrameworksBuildPhase section */

/* Begin PBXGroup section */
		EC17D51821E10EB5000EE13D = {
			isa = PBXGroup;
			children = (
				EC17D52321E10EB5000EE13D /* Delegates_and_Protocols */,
				EC17D53821E10EB6000EE13D /* Delegates_and_ProtocolsTests */,
				EC17D54321E10EB6000EE13D /* Delegates_and_ProtocolsUITests */,
				EC17D52221E10EB5000EE13D /* Products */,
			);
			sourceTree = "<group>";
		};
		EC17D52221E10EB5000EE13D /* Products */ = {
			isa = PBXGroup;
			children = (
				EC17D52121E10EB5000EE13D /* Delegates_and_Protocols.app */,
				EC17D53521E10EB6000EE13D /* Delegates_and_ProtocolsTests.xctest */,
				EC17D54021E10EB6000EE13D /* Delegates_and_ProtocolsUITests.xctest */,
			);
			name = Products;
			sourceTree = "<group>";
		};
		EC17D52321E10EB5000EE13D /* Delegates_and_Protocols */ = {
			isa = PBXGroup;
			children = (
				EC17D52421E10EB5000EE13D /* AppDelegate.swift */,
				EC17D52621E10EB5000EE13D /* ViewController.swift */,
				EC17D55221E1147B000EE13D /* SecondViewController.swift */,
				EC17D52821E10EB5000EE13D /* Main.storyboard */,
				EC17D52B21E10EB6000EE13D /* Assets.xcassets */,
				EC17D52D21E10EB6000EE13D /* LaunchScreen.storyboard */,
				EC17D53021E10EB6000EE13D /* Info.plist */,
			);
			path = Delegates_and_Protocols;
			sourceTree = "<group>";
		};
		EC17D53821E10EB6000EE13D /* Delegates_and_ProtocolsTests */ = {
			isa = PBXGroup;
			children = (
				EC17D53921E10EB6000EE13D /* Delegates_and_ProtocolsTests.swift */,
				EC17D53B21E10EB6000EE13D /* Info.plist */,
			);
			path = Delegates_and_ProtocolsTests;
			sourceTree = "<group>";
		};
		EC17D54321E10EB6000EE13D /* Delegates_and_ProtocolsUITests */ = {
			isa = PBXGroup;
			children = (
				EC17D54421E10EB6000EE13D /* Delegates_and_ProtocolsUITests.swift */,
				EC17D54621E10EB6000EE13D /* Info.plist */,
			);
			path = Delegates_and_ProtocolsUITests;
			sourceTree = "<group>";
		};
/* End PBXGroup section */

/* Begin PBXNativeTarget section */
		EC17D52021E10EB5000EE13D /* Delegates_and_Protocols */ = {
			isa = PBXNativeTarget;
			buildConfigurationList = EC17D54921E10EB6000EE13D /* Build configuration list for PBXNativeTarget "Delegates_and_Protocols" */;
			buildPhases = (
				EC17D51D21E10EB5000EE13D /* Sources */,
				EC17D51E21E10EB5000EE13D /* Frameworks */,
				EC17D51F21E10EB5000EE13D /* Resources */,
			);
			buildRules = (
			);
			dependencies = (
			);
			name = Delegates_and_Protocols;
			productName = Delegates_and_Protocols;
			productReference = EC17D52121E10EB5000EE13D /* Delegates_and_Protocols.app */;
			productType = "com.apple.product-type.application";
		};
		EC17D53421E10EB6000EE13D /* Delegates_and_ProtocolsTests */ = {
			isa = PBXNativeTarget;
			buildConfigurationList = EC17D54C21E10EB6000EE13D /* Build configuration list for PBXNativeTarget "Delegates_and_ProtocolsTests" */;
			buildPhases = (
				EC17D53121E10EB6000EE13D /* Sources */,
				EC17D53221E10EB6000EE13D /* Frameworks */,
				EC17D53321E10EB6000EE13D /* Resources */,
			);
			buildRules = (
			);
			dependencies = (
				EC17D53721E10EB6000EE13D /* PBXTargetDependency */,
			);
			name = Delegates_and_ProtocolsTests;
			productName = Delegates_and_ProtocolsTests;
			productReference = EC17D53521E10EB6000EE13D /* Delegates_and_ProtocolsTests.xctest */;
			productType = "com.apple.product-type.bundle.unit-test";
		};
		EC17D53F21E10EB6000EE13D /* Delegates_and_ProtocolsUITests */ = {
			isa = PBXNativeTarget;
			buildConfigurationList = EC17D54F21E10EB6000EE13D /* Build configuration list for PBXNativeTarget "Delegates_and_ProtocolsUITests" */;
			buildPhases = (
				EC17D53C21E10EB6000EE13D /* Sources */,
				EC17D53D21E10EB6000EE13D /* Frameworks */,
				EC17D53E21E10EB6000EE13D /* Resources */,
			);
			buildRules = (
			);
			dependencies = (
				EC17D54221E10EB6000EE13D /* PBXTargetDependency */,
			);
			name = Delegates_and_ProtocolsUITests;
			productName = Delegates_and_ProtocolsUITests;
			productReference = EC17D54021E10EB6000EE13D /* Delegates_and_ProtocolsUITests.xctest */;
			productType = "com.apple.product-type.bundle.ui-testing";
		};
/* End PBXNativeTarget section */

/* Begin PBXProject section */
		EC17D51921E10EB5000EE13D /* Project object */ = {
			isa = PBXProject;
			attributes = {
				LastSwiftUpdateCheck = 1010;
				LastUpgradeCheck = 1010;
				ORGANIZATIONNAME = "Deepa Thalikar";
				TargetAttributes = {
					EC17D52021E10EB5000EE13D = {
						CreatedOnToolsVersion = 10.1;
					};
					EC17D53421E10EB6000EE13D = {
						CreatedOnToolsVersion = 10.1;
						TestTargetID = EC17D52021E10EB5000EE13D;
					};
					EC17D53F21E10EB6000EE13D = {
						CreatedOnToolsVersion = 10.1;
						TestTargetID = EC17D52021E10EB5000EE13D;
					};
				};
			};
			buildConfigurationList = EC17D51C21E10EB5000EE13D /* Build configuration list for PBXProject "Delegates_and_Protocols" */;
			compatibilityVersion = "Xcode 9.3";
			developmentRegion = en;
			hasScannedForEncodings = 0;
			knownRegions = (
				en,
				Base,
			);
			mainGroup = EC17D51821E10EB5000EE13D;
			productRefGroup = EC17D52221E10EB5000EE13D /* Products */;
			projectDirPath = "";
			projectRoot = "";
			targets = (
				EC17D52021E10EB5000EE13D /* Delegates_and_Protocols */,
				EC17D53421E10EB6000EE13D /* Delegates_and_ProtocolsTests */,
				EC17D53F21E10EB6000EE13D /* Delegates_and_ProtocolsUITests */,
			);
		};
/* End PBXProject section */

/* Begin PBXResourcesBuildPhase section */
		EC17D51F21E10EB5000EE13D /* Resources */ = {
			isa = PBXResourcesBuildPhase;
			buildActionMask = 2147483647;
			files = (
				EC17D52F21E10EB6000EE13D /* LaunchScreen.storyboard in Resources */,
				EC17D52C21E10EB6000EE13D /* Assets.xcassets in Resources */,
				EC17D52A21E10EB5000EE13D /* Main.storyboard in Resources */,
			);
			runOnlyForDeploymentPostprocessing = 0;
		};
		EC17D53321E10EB6000EE13D /* Resources */ = {
			isa = PBXResourcesBuildPhase;
			buildActionMask = 2147483647;
			files = (
			);
			runOnlyForDeploymentPostprocessing = 0;
		};
		EC17D53E21E10EB6000EE13D /* Resources */ = {
			isa = PBXResourcesBuildPhase;
			buildActionMask = 2147483647;
			files = (
			);
			runOnlyForDeploymentPostprocessing = 0;
		};
/* End PBXResourcesBuildPhase section */

/* Begin PBXSourcesBuildPhase section */
		EC17D51D21E10EB5000EE13D /* Sources */ = {
			isa = PBXSourcesBuildPhase;
			buildActionMask = 2147483647;
			files = (
				EC17D55321E1147B000EE13D /* SecondViewController.swift in Sources */,
				EC17D52721E10EB5000EE13D /* ViewController.swift in Sources */,
				EC17D52521E10EB5000EE13D /* AppDelegate.swift in Sources */,
			);
			runOnlyForDeploymentPostprocessing = 0;
		};
		EC17D53121E10EB6000EE13D /* Sources */ = {
			isa = PBXSourcesBuildPhase;
			buildActionMask = 2147483647;
			files = (
				EC17D53A21E10EB6000EE13D /* Delegates_and_ProtocolsTests.swift in Sources */,
			);
			runOnlyForDeploymentPostprocessing = 0;
		};
		EC17D53C21E10EB6000EE13D /* Sources */ = {
			isa = PBXSourcesBuildPhase;
			buildActionMask = 2147483647;
			files = (
				EC17D54521E10EB6000EE13D /* Delegates_and_ProtocolsUITests.swift in Sources */,
			);
			runOnlyForDeploymentPostprocessing = 0;
		};
/* End PBXSourcesBuildPhase section */

/* Begin PBXTargetDependency section */
		EC17D53721E10EB6000EE13D /* PBXTargetDependency */ = {
			isa = PBXTargetDependency;
			target = EC17D52021E10EB5000EE13D /* Delegates_and_Protocols */;
			targetProxy = EC17D53621E10EB6000EE13D /* PBXContainerItemProxy */;
		};
		EC17D54221E10EB6000EE13D /* PBXTargetDependency */ = {
			isa = PBXTargetDependency;
			target = EC17D52021E10EB5000EE13D /* Delegates_and_Protocols */;
			targetProxy = EC17D54121E10EB6000EE13D /* PBXContainerItemProxy */;
		};
/* End PBXTargetDependency section */

/* Begin PBXVariantGroup section */
		EC17D52821E10EB5000EE13D /* Main.storyboard */ = {
			isa = PBXVariantGroup;
			children = (
				EC17D52921E10EB5000EE13D /* Base */,
			);
			name = Main.storyboard;
			sourceTree = "<group>";
		};
		EC17D52D21E10EB6000EE13D /* LaunchScreen.storyboard */ = {
			isa = PBXVariantGroup;
			children = (
				EC17D52E21E10EB6000EE13D /* Base */,
			);
			name = LaunchScreen.storyboard;
			sourceTree = "<group>";
		};
/* End PBXVariantGroup section */

/* Begin XCBuildConfiguration section */
		EC17D54721E10EB6000EE13D /* Debug */ = {
			isa = XCBuildConfiguration;
			buildSettings = {
				ALWAYS_SEARCH_USER_PATHS = NO;
				CLANG_ANALYZER_NONNULL = YES;
				CLANG_ANALYZER_NUMBER_OBJECT_CONVERSION = YES_AGGRESSIVE;
				CLANG_CXX_LANGUAGE_STANDARD = "gnu++14";
				CLANG_CXX_LIBRARY = "libc++";
				CLANG_ENABLE_MODULES = YES;
				CLANG_ENABLE_OBJC_ARC = YES;
				CLANG_ENABLE_OBJC_WEAK = YES;
				CLANG_WARN_BLOCK_CAPTURE_AUTORELEASING = YES;
				CLANG_WARN_BOOL_CONVERSION = YES;
				CLANG_WARN_COMMA = YES;
				CLANG_WARN_CONSTANT_CONVERSION = YES;
				CLANG_WARN_DEPRECATED_OBJC_IMPLEMENTATIONS = YES;
				CLANG_WARN_DIRECT_OBJC_ISA_USAGE = YES_ERROR;
				CLANG_WARN_DOCUMENTATION_COMMENTS = YES;
				CLANG_WARN_EMPTY_BODY = YES;
				CLANG_WARN_ENUM_CONVERSION = YES;
				CLANG_WARN_INFINITE_RECURSION = YES;
				CLANG_WARN_INT_CONVERSION = YES;
				CLANG_WARN_NON_LITERAL_NULL_CONVERSION = YES;
				CLANG_WARN_OBJC_IMPLICIT_RETAIN_SELF = YES;
				CLANG_WARN_OBJC_LITERAL_CONVERSION = YES;
				CLANG_WARN_OBJC_ROOT_CLASS = YES_ERROR;
				CLANG_WARN_RANGE_LOOP_ANALYSIS = YES;
				CLANG_WARN_STRICT_PROTOTYPES = YES;
				CLANG_WARN_SUSPICIOUS_MOVE = YES;
				CLANG_WARN_UNGUARDED_AVAILABILITY = YES_AGGRESSIVE;
				CLANG_WARN_UNREACHABLE_CODE = YES;
				CLANG_WARN__DUPLICATE_METHOD_MATCH = YES;
				CODE_SIGN_IDENTITY = "iPhone Developer";
				COPY_PHASE_STRIP = NO;
				DEBUG_INFORMATION_FORMAT = dwarf;
				ENABLE_STRICT_OBJC_MSGSEND = YES;
				ENABLE_TESTABILITY = YES;
				GCC_C_LANGUAGE_STANDARD = gnu11;
				GCC_DYNAMIC_NO_PIC = NO;
				GCC_NO_COMMON_BLOCKS = YES;
				GCC_OPTIMIZATION_LEVEL = 0;
				GCC_PREPROCESSOR_DEFINITIONS = (
					"DEBUG=1",
					"$(inherited)",
				);
				GCC_WARN_64_TO_32_BIT_CONVERSION = YES;
				GCC_WARN_ABOUT_RETURN_TYPE = YES_ERROR;
				GCC_WARN_UNDECLARED_SELECTOR = YES;
				GCC_WARN_UNINITIALIZED_AUTOS = YES_AGGRESSIVE;
				GCC_WARN_UNUSED_FUNCTION = YES;
				GCC_WARN_UNUSED_VARIABLE = YES;
				IPHONEOS_DEPLOYMENT_TARGET = 12.1;
				MTL_ENABLE_DEBUG_INFO = INCLUDE_SOURCE;
				MTL_FAST_MATH = YES;
				ONLY_ACTIVE_ARCH = YES;
				SDKROOT = iphoneos;
				SWIFT_ACTIVE_COMPILATION_CONDITIONS = DEBUG;
				SWIFT_OPTIMIZATION_LEVEL = "-Onone";
			};
			name = Debug;
		};
		EC17D54821E10EB6000EE13D /* Release */ = {
			isa = XCBuildConfiguration;
			buildSettings = {
				ALWAYS_SEARCH_USER_PATHS = NO;
				CLANG_ANALYZER_NONNULL = YES;
				CLANG_ANALYZER_NUMBER_OBJECT_CONVERSION = YES_AGGRESSIVE;
				CLANG_CXX_LANGUAGE_STANDARD = "gnu++14";
				CLANG_CXX_LIBRARY = "libc++";
				CLANG_ENABLE_MODULES = YES;
				CLANG_ENABLE_OBJC_ARC = YES;
				CLANG_ENABLE_OBJC_WEAK = YES;
				CLANG_WARN_BLOCK_CAPTURE_AUTORELEASING = YES;
				CLANG_WARN_BOOL_CONVERSION = YES;
				CLANG_WARN_COMMA = YES;
				CLANG_WARN_CONSTANT_CONVERSION = YES;
				CLANG_WARN_DEPRECATED_OBJC_IMPLEMENTATIONS = YES;
				CLANG_WARN_DIRECT_OBJC_ISA_USAGE = YES_ERROR;
				CLANG_WARN_DOCUMENTATION_COMMENTS = YES;
				CLANG_WARN_EMPTY_BODY = YES;
				CLANG_WARN_ENUM_CONVERSION = YES;
				CLANG_WARN_INFINITE_RECURSION = YES;
				CLANG_WARN_INT_CONVERSION = YES;
				CLANG_WARN_NON_LITERAL_NULL_CONVERSION = YES;
				CLANG_WARN_OBJC_IMPLICIT_RETAIN_SELF = YES;
				CLANG_WARN_OBJC_LITERAL_CONVERSION = YES;
				CLANG_WARN_OBJC_ROOT_CLASS = YES_ERROR;
				CLANG_WARN_RANGE_LOOP_ANALYSIS = YES;
				CLANG_WARN_STRICT_PROTOTYPES = YES;
				CLANG_WARN_SUSPICIOUS_MOVE = YES;
				CLANG_WARN_UNGUARDED_AVAILABILITY = YES_AGGRESSIVE;
				CLANG_WARN_UNREACHABLE_CODE = YES;
				CLANG_WARN__DUPLICATE_METHOD_MATCH = YES;
				CODE_SIGN_IDENTITY = "iPhone Developer";
				COPY_PHASE_STRIP = NO;
				DEBUG_INFORMATION_FORMAT = "dwarf-with-dsym";
				ENABLE_NS_ASSERTIONS = NO;
				ENABLE_STRICT_OBJC_MSGSEND = YES;
				GCC_C_LANGUAGE_STANDARD = gnu11;
				GCC_NO_COMMON_BLOCKS = YES;
				GCC_WARN_64_TO_32_BIT_CONVERSION = YES;
				GCC_WARN_ABOUT_RETURN_TYPE = YES_ERROR;
				GCC_WARN_UNDECLARED_SELECTOR = YES;
				GCC_WARN_UNINITIALIZED_AUTOS = YES_AGGRESSIVE;
				GCC_WARN_UNUSED_FUNCTION = YES;
				GCC_WARN_UNUSED_VARIABLE = YES;
				IPHONEOS_DEPLOYMENT_TARGET = 12.1;
				MTL_ENABLE_DEBUG_INFO = NO;
				MTL_FAST_MATH = YES;
				SDKROOT = iphoneos;
				SWIFT_COMPILATION_MODE = wholemodule;
				SWIFT_OPTIMIZATION_LEVEL = "-O";
				VALIDATE_PRODUCT = YES;
			};
			name = Release;
		};
		EC17D54A21E10EB6000EE13D /* Debug */ = {
			isa = XCBuildConfiguration;
			buildSettings = {
				ASSETCATALOG_COMPILER_APPICON_NAME = AppIcon;
				CODE_SIGN_STYLE = Automatic;
				INFOPLIST_FILE = Delegates_and_Protocols/Info.plist;
				LD_RUNPATH_SEARCH_PATHS = (
					"$(inherited)",
					"@executable_path/Frameworks",
				);
				PRODUCT_BUNDLE_IDENTIFIER = "com.deepathalikar.Delegates-and-Protocols";
				PRODUCT_NAME = "$(TARGET_NAME)";
				SWIFT_VERSION = 4.2;
				TARGETED_DEVICE_FAMILY = "1,2";
			};
			name = Debug;
		};
		EC17D54B21E10EB6000EE13D /* Release */ = {
			isa = XCBuildConfiguration;
			buildSettings = {
				ASSETCATALOG_COMPILER_APPICON_NAME = AppIcon;
				CODE_SIGN_STYLE = Automatic;
				INFOPLIST_FILE = Delegates_and_Protocols/Info.plist;
				LD_RUNPATH_SEARCH_PATHS = (
					"$(inherited)",
					"@executable_path/Frameworks",
				);
				PRODUCT_BUNDLE_IDENTIFIER = "com.deepathalikar.Delegates-and-Protocols";
				PRODUCT_NAME = "$(TARGET_NAME)";
				SWIFT_VERSION = 4.2;
				TARGETED_DEVICE_FAMILY = "1,2";
			};
			name = Release;
		};
		EC17D54D21E10EB6000EE13D /* Debug */ = {
			isa = XCBuildConfiguration;
			buildSettings = {
				ALWAYS_EMBED_SWIFT_STANDARD_LIBRARIES = YES;
				BUNDLE_LOADER = "$(TEST_HOST)";
				CODE_SIGN_STYLE = Automatic;
				INFOPLIST_FILE = Delegates_and_ProtocolsTests/Info.plist;
				LD_RUNPATH_SEARCH_PATHS = (
					"$(inherited)",
					"@executable_path/Frameworks",
					"@loader_path/Frameworks",
				);
				PRODUCT_BUNDLE_IDENTIFIER = "com.deepathalikar.Delegates-and-ProtocolsTests";
				PRODUCT_NAME = "$(TARGET_NAME)";
				SWIFT_VERSION = 4.2;
				TARGETED_DEVICE_FAMILY = "1,2";
				TEST_HOST = "$(BUILT_PRODUCTS_DIR)/Delegates_and_Protocols.app/Delegates_and_Protocols";
			};
			name = Debug;
		};
		EC17D54E21E10EB6000EE13D /* Release */ = {
			isa = XCBuildConfiguration;
			buildSettings = {
				ALWAYS_EMBED_SWIFT_STANDARD_LIBRARIES = YES;
				BUNDLE_LOADER = "$(TEST_HOST)";
				CODE_SIGN_STYLE = Automatic;
				INFOPLIST_FILE = Delegates_and_ProtocolsTests/Info.plist;
				LD_RUNPATH_SEARCH_PATHS = (
					"$(inherited)",
					"@executable_path/Frameworks",
					"@loader_path/Frameworks",
				);
				PRODUCT_BUNDLE_IDENTIFIER = "com.deepathalikar.Delegates-and-ProtocolsTests";
				PRODUCT_NAME = "$(TARGET_NAME)";
				SWIFT_VERSION = 4.2;
				TARGETED_DEVICE_FAMILY = "1,2";
				TEST_HOST = "$(BUILT_PRODUCTS_DIR)/Delegates_and_Protocols.app/Delegates_and_Protocols";
			};
			name = Release;
		};
		EC17D55021E10EB6000EE13D /* Debug */ = {
			isa = XCBuildConfiguration;
			buildSettings = {
				ALWAYS_EMBED_SWIFT_STANDARD_LIBRARIES = YES;
				CODE_SIGN_STYLE = Automatic;
				INFOPLIST_FILE = Delegates_and_ProtocolsUITests/Info.plist;
				LD_RUNPATH_SEARCH_PATHS = (
					"$(inherited)",
					"@executable_path/Frameworks",
					"@loader_path/Frameworks",
				);
				PRODUCT_BUNDLE_IDENTIFIER = "com.deepathalikar.Delegates-and-ProtocolsUITests";
				PRODUCT_NAME = "$(TARGET_NAME)";
				SWIFT_VERSION = 4.2;
				TARGETED_DEVICE_FAMILY = "1,2";
				TEST_TARGET_NAME = Delegates_and_Protocols;
			};
			name = Debug;
		};
		EC17D55121E10EB6000EE13D /* Release */ = {
			isa = XCBuildConfiguration;
			buildSettings = {
				ALWAYS_EMBED_SWIFT_STANDARD_LIBRARIES = YES;
				CODE_SIGN_STYLE = Automatic;
				INFOPLIST_FILE = Delegates_and_ProtocolsUITests/Info.plist;
				LD_RUNPATH_SEARCH_PATHS = (
					"$(inherited)",
					"@executable_path/Frameworks",
					"@loader_path/Frameworks",
				);
				PRODUCT_BUNDLE_IDENTIFIER = "com.deepathalikar.Delegates-and-ProtocolsUITests";
				PRODUCT_NAME = "$(TARGET_NAME)";
				SWIFT_VERSION = 4.2;
				TARGETED_DEVICE_FAMILY = "1,2";
				TEST_TARGET_NAME = Delegates_and_Protocols;
			};
			name = Release;
		};
/* End XCBuildConfiguration section */

/* Begin XCConfigurationList section */
		EC17D51C21E10EB5000EE13D /* Build configuration list for PBXProject "Delegates_and_Protocols" */ = {
			isa = XCConfigurationList;
			buildConfigurations = (
				EC17D54721E10EB6000EE13D /* Debug */,
				EC17D54821E10EB6000EE13D /* Release */,
			);
			defaultConfigurationIsVisible = 0;
			defaultConfigurationName = Release;
		};
		EC17D54921E10EB6000EE13D /* Build configuration list for PBXNativeTarget "Delegates_and_Protocols" */ = {
			isa = XCConfigurationList;
			buildConfigurations = (
				EC17D54A21E10EB6000EE13D /* Debug */,
				EC17D54B21E10EB6000EE13D /* Release */,
			);
			defaultConfigurationIsVisible = 0;
			defaultConfigurationName = Release;
		};
		EC17D54C21E10EB6000EE13D /* Build configuration list for PBXNativeTarget "Delegates_and_ProtocolsTests" */ = {
			isa = XCConfigurationList;
			buildConfigurations = (
				EC17D54D21E10EB6000EE13D /* Debug */,
				EC17D54E21E10EB6000EE13D /* Release */,
			);
			defaultConfigurationIsVisible = 0;
			defaultConfigurationName = Release;
		};
		EC17D54F21E10EB6000EE13D /* Build configuration list for PBXNativeTarget "Delegates_and_ProtocolsUITests" */ = {
			isa = XCConfigurationList;
			buildConfigurations = (
				EC17D55021E10EB6000EE13D /* Debug */,
				EC17D55121E10EB6000EE13D /* Release */,
			);
			defaultConfigurationIsVisible = 0;
			defaultConfigurationName = Release;
		};
/* End XCConfigurationList section */
	};
	rootObject = EC17D51921E10EB5000EE13D /* Project object */;
}
